// !$*UTF8*$!
{
	archiveVersion = 1;
	classes = {
	};
	objectVersion = 46;
	objects = {

/* Begin PBXBuildFile section */
		1943CF561CD0E176000C8EFD /* AppDelegate.swift in Sources */ = {isa = PBXBuildFile; fileRef = 1943CF551CD0E176000C8EFD /* AppDelegate.swift */; };
		1943CF581CD0E176000C8EFD /* ViewController.swift in Sources */ = {isa = PBXBuildFile; fileRef = 1943CF571CD0E176000C8EFD /* ViewController.swift */; };
		1943CF5B1CD0E176000C8EFD /* Main.storyboard in Resources */ = {isa = PBXBuildFile; fileRef = 1943CF591CD0E176000C8EFD /* Main.storyboard */; };
		1943CF5D1CD0E176000C8EFD /* Assets.xcassets in Resources */ = {isa = PBXBuildFile; fileRef = 1943CF5C1CD0E176000C8EFD /* Assets.xcassets */; };
		1943CF601CD0E176000C8EFD /* LaunchScreen.storyboard in Resources */ = {isa = PBXBuildFile; fileRef = 1943CF5E1CD0E176000C8EFD /* LaunchScreen.storyboard */; };
/* End PBXBuildFile section */

/* Begin PBXFileReference section */
		1943CF521CD0E176000C8EFD /* auto-layout-advanced.app */ = {isa = PBXFileReference; explicitFileType = wrapper.application; includeInIndex = 0; path = "auto-layout-advanced.app"; sourceTree = BUILT_PRODUCTS_DIR; };
		1943CF551CD0E176000C8EFD /* AppDelegate.swift */ = {isa = PBXFileReference; lastKnownFileType = sourcecode.swift; path = AppDelegate.swift; sourceTree = "<group>"; };
		1943CF571CD0E176000C8EFD /* ViewController.swift */ = {isa = PBXFileReference; lastKnownFileType = sourcecode.swift; path = ViewController.swift; sourceTree = "<group>"; };
		1943CF5A1CD0E176000C8EFD /* Base */ = {isa = PBXFileReference; lastKnownFileType = file.storyboard; name = Base; path = Base.lproj/Main.storyboard; sourceTree = "<group>"; };
		1943CF5C1CD0E176000C8EFD /* Assets.xcassets */ = {isa = PBXFileReference; lastKnownFileType = folder.assetcatalog; path = Assets.xcassets; sourceTree = "<group>"; };
		1943CF5F1CD0E176000C8EFD /* Base */ = {isa = PBXFileReference; lastKnownFileType = file.storyboard; name = Base; path = Base.lproj/LaunchScreen.storyboard; sourceTree = "<group>"; };
		1943CF611CD0E176000C8EFD /* Info.plist */ = {isa = PBXFileReference; lastKnownFileType = text.plist.xml; path = Info.plist; sourceTree = "<group>"; };
/* End PBXFileReference section */

/* Begin PBXFrameworksBuildPhase section */
		1943CF4F1CD0E176000C8EFD /* Frameworks */ = {
			isa = PBXFrameworksBuildPhase;
			buildActionMask = 2147483647;
			files = (
			);
			runOnlyForDeploymentPostprocessing = 0;
		};
/* End PBXFrameworksBuildPhase section */

/* Begin PBXGroup section */
		1943CF491CD0E176000C8EFD = {
			isa = PBXGroup;
			children = (
				1943CF541CD0E176000C8EFD /* auto-layout-advanced */,
				1943CF531CD0E176000C8EFD /* Products */,
			);
			sourceTree = "<group>";
		};
		1943CF531CD0E176000C8EFD /* Products */ = {
			isa = PBXGroup;
			children = (
				1943CF521CD0E176000C8EFD /* auto-layout-advanced.app */,
			);
			name = Products;
			sourceTree = "<group>";
		};
		1943CF541CD0E176000C8EFD /* auto-layout-advanced */ = {
			isa = PBXGroup;
			children = (
				1943CF551CD0E176000C8EFD /* AppDelegate.swift */,
				1943CF571CD0E176000C8EFD /* ViewController.swift */,
				1943CF591CD0E176000C8EFD /* Main.storyboard */,
				1943CF5C1CD0E176000C8EFD /* Assets.xcassets */,
				1943CF5E1CD0E176000C8EFD /* LaunchScreen.storyboard */,
				1943CF611CD0E176000C8EFD /* Info.plist */,
			);
			path = "auto-layout-advanced";
			sourceTree = "<group>";
		};
/* End PBXGroup section */

/* Begin PBXNativeTarget section */
		1943CF511CD0E176000C8EFD /* auto-layout-advanced */ = {
			isa = PBXNativeTarget;
			buildConfigurationList = 1943CF641CD0E176000C8EFD /* Build configuration list for PBXNativeTarget "auto-layout-advanced" */;
			buildPhases = (
				1943CF4E1CD0E176000C8EFD /* Sources */,
				1943CF4F1CD0E176000C8EFD /* Frameworks */,
				1943CF501CD0E176000C8EFD /* Resources */,
			);
			buildRules = (
			);
			dependencies = (
			);
			name = "auto-layout-advanced";
			productName = "auto-layout-advanced";
			productReference = 1943CF521CD0E176000C8EFD /* auto-layout-advanced.app */;
			productType = "com.apple.product-type.application";
		};
/* End PBXNativeTarget section */

/* Begin PBXProject section */
		1943CF4A1CD0E176000C8EFD /* Project object */ = {
			isa = PBXProject;
			attributes = {
				LastSwiftUpdateCheck = 0730;
				LastUpgradeCheck = 0730;
				ORGANIZATIONNAME = creaTech;
				TargetAttributes = {
					1943CF511CD0E176000C8EFD = {
						CreatedOnToolsVersion = 7.3;
						DevelopmentTeam = BDX7JNZ7KD;
					};
				};
			};
			buildConfigurationList = 1943CF4D1CD0E176000C8EFD /* Build configuration list for PBXProject "auto-layout-advanced" */;
			compatibilityVersion = "Xcode 3.2";
			developmentRegion = English;
			hasScannedForEncodings = 0;
			knownRegions = (
				en,
				Base,
			);
			mainGroup = 1943CF491CD0E176000C8EFD;
			productRefGroup = 1943CF531CD0E176000C8EFD /* Products */;
			projectDirPath = "";
			projectRoot = "";
			targets = (
				1943CF511CD0E176000C8EFD /* auto-layout-advanced */,
			);
		};
/* End PBXProject section */

/* Begin PBXResourcesBuildPhase section */
		1943CF501CD0E176000C8EFD /* Resources */ = {
			isa = PBXResourcesBuildPhase;
			buildActionMask = 2147483647;
			files = (
				1943CF601CD0E176000C8EFD /* LaunchScreen.storyboard in Resources */,
				1943CF5D1CD0E176000C8EFD /* Assets.xcassets in Resources */,
				1943CF5B1CD0E176000C8EFD /* Main.storyboard in Resources */,
			);
			runOnlyForDeploymentPostprocessing = 0;
		};
/* End PBXResourcesBuildPhase section */

/* Begin PBXSourcesBuildPhase section */
		1943CF4E1CD0E176000C8EFD /* Sources */ = {
			isa = PBXSourcesBuildPhase;
			buildActionMask = 2147483647;
			files = (
				1943CF581CD0E176000C8EFD /* ViewController.swift in Sources */,
				1943CF561CD0E176000C8EFD /* AppDelegate.swift in Sources */,
			);
			runOnlyForDeploymentPostprocessing = 0;
		};
/* End PBXSourcesBuildPhase section */

/* Begin PBXVariantGroup section */
		1943CF591CD0E176000C8EFD /* Main.storyboard */ = {
			isa = PBXVariantGroup;
			children = (
				1943CF5A1CD0E176000C8EFD /* Base */,
			);
			name = Main.storyboard;
			sourceTree = "<group>";
		};
		1943CF5E1CD0E176000C8EFD /* LaunchScreen.storyboard */ = {
			isa = PBXVariantGroup;
			children = (
				1943CF5F1CD0E176000C8EFD /* Base */,
			);
			name = LaunchScreen.storyboard;
			sourceTree = "<group>";
		};
/* End PBXVariantGroup section */

/* Begin XCBuildConfiguration section */
		1943CF621CD0E176000C8EFD /* Debug */ = {
			isa = XCBuildConfiguration;
			buildSettings = {
				ALWAYS_SEARCH_USER_PATHS = NO;
				CLANG_ANALYZER_NONNULL = YES;
				CLANG_CXX_LANGUAGE_STANDARD = "gnu++0x";
				CLANG_CXX_LIBRARY = "libc++";
				CLANG_ENABLE_MODULES = YES;
				CLANG_ENABLE_OBJC_ARC = YES;
				CLANG_WARN_BOOL_CONVERSION = YES;
				CLANG_WARN_CONSTANT_CONVERSION = YES;
				CLANG_WARN_DIRECT_OBJC_ISA_USAGE = YES_ERROR;
				CLANG_WARN_EMPTY_BODY = YES;
				CLANG_WARN_ENUM_CONVERSION = YES;
				CLANG_WARN_INT_CONVERSION = YES;
				CLANG_WARN_OBJC_ROOT_CLASS = YES_ERROR;
				CLANG_WARN_UNREACHABLE_CODE = YES;
				CLANG_WARN__DUPLICATE_METHOD_MATCH = YES;
				"CODE_SIGN_IDENTITY[sdk=iphoneos*]" = "iPhone Developer";
				COPY_PHASE_STRIP = NO;
				DEBUG_INFORMATION_FORMAT = dwarf;
				ENABLE_STRICT_OBJC_MSGSEND = YES;
				ENABLE_TESTABILITY = YES;
				GCC_C_LANGUAGE_STANDARD = gnu99;
				GCC_DYNAMIC_NO_PIC = NO;
				GCC_NO_COMMON_BLOCKS = YES;
				GCC_OPTIMIZATION_LEVEL = 0;
				GCC_PREPROCESSOR_DEFINITIONS = (
					"DEBUG=1",
					"$(inherited)",
				);
				GCC_WARN_64_TO_32_BIT_CONVERSION = YES;
				GCC_WARN_ABOUT_RETURN_TYPE = YES_ERROR;
				GCC_WARN_UNDECLARED_SELECTOR = YES;
				GCC_WARN_UNINITIALIZED_AUTOS = YES_AGGRESSIVE;
				GCC_WARN_UNUSED_FUNCTION = YES;
				GCC_WARN_UNUSED_VARIABLE = YES;
				IPHONEOS_DEPLOYMENT_TARGET = 9.3;
				MTL_ENABLE_DEBUG_INFO = YES;
				ONLY_ACTIVE_ARCH = YES;
				SDKROOT = iphoneos;
				SWIFT_OPTIMIZATION_LEVEL = "-Onone";
			};
			name = Debug;
		};
		1943CF631CD0E176000C8EFD /* Release */ = {
			isa = XCBuildConfiguration;
			buildSettings = {
				ALWAYS_SEARCH_USER_PATHS = NO;
				CLANG_ANALYZER_NONNULL = YES;
				CLANG_CXX_LANGUAGE_STANDARD = "gnu++0x";
				CLANG_CXX_LIBRARY = "libc++";
				CLANG_ENABLE_MODULES = YES;
				CLANG_ENABLE_OBJC_ARC = YES;
				CLANG_WARN_BOOL_CONVERSION = YES;
				CLANG_WARN_CONSTANT_CONVERSION = YES;
				CLANG_WARN_DIRECT_OBJC_ISA_USAGE = YES_ERROR;
				CLANG_WARN_EMPTY_BODY = YES;
				CLANG_WARN_ENUM_CONVERSION = YES;
				CLANG_WARN_INT_CONVERSION = YES;
				CLANG_WARN_OBJC_ROOT_CLASS = YES_ERROR;
				CLANG_WARN_UNREACHABLE_CODE = YES;
				CLANG_WARN__DUPLICATE_METHOD_MATCH = YES;
				"CODE_SIGN_IDENTITY[sdk=iphoneos*]" = "iPhone Developer";
				COPY_PHASE_STRIP = NO;
				DEBUG_INFORMATION_FORMAT = "dwarf-with-dsym";
				ENABLE_NS_ASSERTIONS = NO;
				ENABLE_STRICT_OBJC_MSGSEND = YES;
				GCC_C_LANGUAGE_STANDARD = gnu99;
				GCC_NO_COMMON_BLOCKS = YES;
				GCC_WARN_64_TO_32_BIT_CONVERSION = YES;
				GCC_WARN_ABOUT_RETURN_TYPE = YES_ERROR;
				GCC_WARN_UNDECLARED_SELECTOR = YES;
				GCC_WARN_UNINITIALIZED_AUTOS = YES_AGGRESSIVE;
				GCC_WARN_UNUSED_FUNCTION = YES;
				GCC_WARN_UNUSED_VARIABLE = YES;
				IPHONEOS_DEPLOYMENT_TARGET = 9.3;
				MTL_ENABLE_DEBUG_INFO = NO;
				SDKROOT = iphoneos;
				VALIDATE_PRODUCT = YES;
			};
			name = Release;
		};
		1943CF651CD0E176000C8EFD /* Debug */ = {
			isa = XCBuildConfiguration;
			buildSettings = {
				ASSETCATALOG_COMPILER_APPICON_NAME = AppIcon;
				INFOPLIST_FILE = "auto-layout-advanced/Info.plist";
				LD_RUNPATH_SEARCH_PATHS = "$(inherited) @executable_path/Frameworks";
				PRODUCT_BUNDLE_IDENTIFIER = "com.creaTech.auto-layout-advanced";
				PRODUCT_NAME = "$(TARGET_NAME)";
			};
			name = Debug;
		};
		1943CF661CD0E176000C8EFD /* Release */ = {
			isa = XCBuildConfiguration;
			buildSettings = {
				ASSETCATALOG_COMPILER_APPICON_NAME = AppIcon;
				INFOPLIST_FILE = "auto-layout-advanced/Info.plist";
				LD_RUNPATH_SEARCH_PATHS = "$(inherited) @executable_path/Frameworks";
				PRODUCT_BUNDLE_IDENTIFIER = "com.creaTech.auto-layout-advanced";
				PRODUCT_NAME = "$(TARGET_NAME)";
			};
			name = Release;
		};
/* End XCBuildConfiguration section */

/* Begin XCConfigurationList section */
		1943CF4D1CD0E176000C8EFD /* Build configuration list for PBXProject "auto-layout-advanced" */ = {
			isa = XCConfigurationList;
			buildConfigurations = (
				1943CF621CD0E176000C8EFD /* Debug */,
				1943CF631CD0E176000C8EFD /* Release */,
			);
			defaultConfigurationIsVisible = 0;
			defaultConfigurationName = Release;
		};
		1943CF641CD0E176000C8EFD /* Build configuration list for PBXNativeTarget "auto-layout-advanced" */ = {
			isa = XCConfigurationList;
			buildConfigurations = (
				1943CF651CD0E176000C8EFD /* Debug */,
				1943CF661CD0E176000C8EFD /* Release */,
			);
			defaultConfigurationIsVisible = 0;
		};
/* End XCConfigurationList section */
	};
	rootObject = 1943CF4A1CD0E176000C8EFD /* Project object */;
}
